// !$*UTF8*$!
{
	archiveVersion = 1;
	classes = {
	};
	objectVersion = 77;
	objects = {

/* Begin PBXBuildFile section */
		46E97003F6597438A0AC93C0 /* AppDelegate.swift in Sources */ = {isa = PBXBuildFile; fileRef = 4BEF20C6F91CCD1A10D66BCE /* AppDelegate.swift */; };
		E5C85D1F07153227204F81D6 /* WhiskerRuntime in Frameworks */ = {isa = PBXBuildFile; productRef = F920EEBD91D9E8039DA5A3F9 /* WhiskerRuntime */; };
/* End PBXBuildFile section */

/* Begin PBXFileReference section */
		35D466DB8920E7A52C599EBC /* {{ios_scheme}}.app */ = {isa = PBXFileReference; includeInIndex = 0; lastKnownFileType = wrapper.application; path = "{{ios_scheme}}.app"; sourceTree = BUILT_PRODUCTS_DIR; };
		4A31F1231CDD4ED82F669821 /* ios */ = {isa = PBXFileReference; lastKnownFileType = folder; name = ios; path = "{{whisker_runtime_ios_path}}"; sourceTree = "<absolute>"; };
		4BEF20C6F91CCD1A10D66BCE /* AppDelegate.swift */ = {isa = PBXFileReference; lastKnownFileType = sourcecode.swift; path = AppDelegate.swift; sourceTree = "<group>"; };
/* End PBXFileReference section */

/* Begin PBXFrameworksBuildPhase section */
		D4C57884A372C8EC69F16CAD /* Frameworks */ = {
			isa = PBXFrameworksBuildPhase;
			buildActionMask = 2147483647;
			files = (
				E5C85D1F07153227204F81D6 /* WhiskerRuntime in Frameworks */,
			);
			runOnlyForDeploymentPostprocessing = 0;
		};
/* End PBXFrameworksBuildPhase section */

/* Begin PBXGroup section */
		00961668E9C919BF4554CF95 /* Products */ = {
			isa = PBXGroup;
			children = (
				35D466DB8920E7A52C599EBC /* {{ios_scheme}}.app */,
			);
			name = Products;
			sourceTree = "<group>";
		};
		2AFB6256646F5C748E027F5E /* Sources */ = {
			isa = PBXGroup;
			children = (
				4BEF20C6F91CCD1A10D66BCE /* AppDelegate.swift */,
			);
			path = Sources;
			sourceTree = "<group>";
		};
		E8630311BAB2B628B85BC5D2 = {
			isa = PBXGroup;
			children = (
				E8E7FE2E076C1851BADE1012 /* Packages */,
				2AFB6256646F5C748E027F5E /* Sources */,
				00961668E9C919BF4554CF95 /* Products */,
			);
			sourceTree = "<group>";
		};
		E8E7FE2E076C1851BADE1012 /* Packages */ = {
			isa = PBXGroup;
			children = (
				4A31F1231CDD4ED82F669821 /* ios */,
			);
			name = Packages;
			sourceTree = "<group>";
		};
/* End PBXGroup section */

/* Begin PBXNativeTarget section */
		479BCD1507C869E5783E1EC4 /* {{ios_scheme}} */ = {
			isa = PBXNativeTarget;
			buildConfigurationList = 39A71CFC79D014E76D4445EB /* Build configuration list for PBXNativeTarget "{{ios_scheme}}" */;
			buildPhases = (
				4A590CB0D847DB4C38DDCDFC /* Sources */,
				D4C57884A372C8EC69F16CAD /* Frameworks */,
			);
			buildRules = (
			);
			dependencies = (
			);
			name = "{{ios_scheme}}";
			packageProductDependencies = (
				F920EEBD91D9E8039DA5A3F9 /* WhiskerRuntime */,
			);
			productName = "{{ios_scheme}}";
			productReference = 35D466DB8920E7A52C599EBC /* {{ios_scheme}}.app */;
			productType = "com.apple.product-type.application";
		};
/* End PBXNativeTarget section */

/* Begin PBXProject section */
		993C38E6B55CB9C6F082FDCA /* Project object */ = {
			isa = PBXProject;
			attributes = {
				BuildIndependentTargetsInParallel = YES;
				LastUpgradeCheck = 1430;
				TargetAttributes = {
				};
			};
			buildConfigurationList = 04EE2E1E635D92BC638F96E0 /* Build configuration list for PBXProject "{{ios_scheme}}" */;
			developmentRegion = en;
			hasScannedForEncodings = 0;
			knownRegions = (
				Base,
				en,
			);
			mainGroup = E8630311BAB2B628B85BC5D2;
			minimizedProjectReferenceProxies = 1;
			packageReferences = (
				B25ED1A6F9E42E26D051E805 /* XCLocalSwiftPackageReference "WhiskerRuntime" */,
			);
			preferredProjectObjectVersion = 77;
			productRefGroup = 00961668E9C919BF4554CF95 /* Products */;
			projectDirPath = "";
			projectRoot = "";
			targets = (
				479BCD1507C869E5783E1EC4 /* {{ios_scheme}} */,
			);
		};
/* End PBXProject section */

/* Begin PBXSourcesBuildPhase section */
		4A590CB0D847DB4C38DDCDFC /* Sources */ = {
			isa = PBXSourcesBuildPhase;
			buildActionMask = 2147483647;
			files = (
				46E97003F6597438A0AC93C0 /* AppDelegate.swift in Sources */,
			);
			runOnlyForDeploymentPostprocessing = 0;
		};
/* End PBXSourcesBuildPhase section */

/* Begin XCBuildConfiguration section */
		3280429393A41FA3FBA1F5D6 /* Debug */ = {
			isa = XCBuildConfiguration;
			buildSettings = {
				ALWAYS_SEARCH_USER_PATHS = NO;
				CLANG_ANALYZER_NONNULL = YES;
				CLANG_ANALYZER_NUMBER_OBJECT_CONVERSION = YES_AGGRESSIVE;
				CLANG_CXX_LANGUAGE_STANDARD = "gnu++14";
				CLANG_CXX_LIBRARY = "libc++";
				CLANG_ENABLE_MODULES = YES;
				CLANG_ENABLE_OBJC_ARC = YES;
				CLANG_ENABLE_OBJC_WEAK = YES;
				CLANG_WARN_BLOCK_CAPTURE_AUTORELEASING = YES;
				CLANG_WARN_BOOL_CONVERSION = YES;
				CLANG_WARN_COMMA = YES;
				CLANG_WARN_CONSTANT_CONVERSION = YES;
				CLANG_WARN_DEPRECATED_OBJC_IMPLEMENTATIONS = YES;
				CLANG_WARN_DIRECT_OBJC_ISA_USAGE = YES_ERROR;
				CLANG_WARN_DOCUMENTATION_COMMENTS = YES;
				CLANG_WARN_EMPTY_BODY = YES;
				CLANG_WARN_ENUM_CONVERSION = YES;
				CLANG_WARN_INFINITE_RECURSION = YES;
				CLANG_WARN_INT_CONVERSION = YES;
				CLANG_WARN_NON_LITERAL_NULL_CONVERSION = YES;
				CLANG_WARN_OBJC_IMPLICIT_RETAIN_SELF = YES;
				CLANG_WARN_OBJC_LITERAL_CONVERSION = YES;
				CLANG_WARN_OBJC_ROOT_CLASS = YES_ERROR;
				CLANG_WARN_QUOTED_INCLUDE_IN_FRAMEWORK_HEADER = YES;
				CLANG_WARN_RANGE_LOOP_ANALYSIS = YES;
				CLANG_WARN_STRICT_PROTOTYPES = YES;
				CLANG_WARN_SUSPICIOUS_MOVE = YES;
				CLANG_WARN_UNGUARDED_AVAILABILITY = YES_AGGRESSIVE;
				CLANG_WARN_UNREACHABLE_CODE = YES;
				CLANG_WARN__DUPLICATE_METHOD_MATCH = YES;
				COPY_PHASE_STRIP = NO;
				DEBUG_INFORMATION_FORMAT = dwarf;
				ENABLE_STRICT_OBJC_MSGSEND = YES;
				ENABLE_TESTABILITY = YES;
				GCC_C_LANGUAGE_STANDARD = gnu11;
				GCC_DYNAMIC_NO_PIC = NO;
				GCC_NO_COMMON_BLOCKS = YES;
				GCC_OPTIMIZATION_LEVEL = 0;
				GCC_PREPROCESSOR_DEFINITIONS = (
					"$(inherited)",
					"DEBUG=1",
				);
				GCC_WARN_64_TO_32_BIT_CONVERSION = YES;
				GCC_WARN_ABOUT_RETURN_TYPE = YES_ERROR;
				GCC_WARN_UNDECLARED_SELECTOR = YES;
				GCC_WARN_UNINITIALIZED_AUTOS = YES_AGGRESSIVE;
				GCC_WARN_UNUSED_FUNCTION = YES;
				GCC_WARN_UNUSED_VARIABLE = YES;
				IPHONEOS_DEPLOYMENT_TARGET = "{{ios_deployment_target}}";
				MTL_ENABLE_DEBUG_INFO = INCLUDE_SOURCE;
				MTL_FAST_MATH = YES;
				ONLY_ACTIVE_ARCH = YES;
				PRODUCT_NAME = "$(TARGET_NAME)";
				SDKROOT = iphoneos;
				SWIFT_ACTIVE_COMPILATION_CONDITIONS = DEBUG;
				SWIFT_OPTIMIZATION_LEVEL = "-Onone";
				SWIFT_VERSION = 5.9;
			};
			name = Debug;
		};
		72DC351F8133C2EE79D7230F /* Debug */ = {
			isa = XCBuildConfiguration;
			buildSettings = {
				ASSETCATALOG_COMPILER_APPICON_NAME = AppIcon;
				CODE_SIGN_IDENTITY = "iPhone Developer";
				INFOPLIST_FILE = Info.plist;
				LD_RUNPATH_SEARCH_PATHS = "$(inherited) @executable_path/Frameworks";
				PRODUCT_BUNDLE_IDENTIFIER = "{{ios_bundle_id}}";
				SDKROOT = iphoneos;
				TARGETED_DEVICE_FAMILY = "1,2";
			};
			name = Debug;
		};
		91C02734642ACB1BD6BF3AE6 /* Release */ = {
			isa = XCBuildConfiguration;
			buildSettings = {
				ASSETCATALOG_COMPILER_APPICON_NAME = AppIcon;
				CODE_SIGN_IDENTITY = "iPhone Developer";
				INFOPLIST_FILE = Info.plist;
				LD_RUNPATH_SEARCH_PATHS = "$(inherited) @executable_path/Frameworks";
				PRODUCT_BUNDLE_IDENTIFIER = "{{ios_bundle_id}}";
				SDKROOT = iphoneos;
				TARGETED_DEVICE_FAMILY = "1,2";
			};
			name = Release;
		};
		C24C7A9544E293DB9D604F47 /* Release */ = {
			isa = XCBuildConfiguration;
			buildSettings = {
				ALWAYS_SEARCH_USER_PATHS = NO;
				CLANG_ANALYZER_NONNULL = YES;
				CLANG_ANALYZER_NUMBER_OBJECT_CONVERSION = YES_AGGRESSIVE;
				CLANG_CXX_LANGUAGE_STANDARD = "gnu++14";
				CLANG_CXX_LIBRARY = "libc++";
				CLANG_ENABLE_MODULES = YES;
				CLANG_ENABLE_OBJC_ARC = YES;
				CLANG_ENABLE_OBJC_WEAK = YES;
				CLANG_WARN_BLOCK_CAPTURE_AUTORELEASING = YES;
				CLANG_WARN_BOOL_CONVERSION = YES;
				CLANG_WARN_COMMA = YES;
				CLANG_WARN_CONSTANT_CONVERSION = YES;
				CLANG_WARN_DEPRECATED_OBJC_IMPLEMENTATIONS = YES;
				CLANG_WARN_DIRECT_OBJC_ISA_USAGE = YES_ERROR;
				CLANG_WARN_DOCUMENTATION_COMMENTS = YES;
				CLANG_WARN_EMPTY_BODY = YES;
				CLANG_WARN_ENUM_CONVERSION = YES;
				CLANG_WARN_INFINITE_RECURSION = YES;
				CLANG_WARN_INT_CONVERSION = YES;
				CLANG_WARN_NON_LITERAL_NULL_CONVERSION = YES;
				CLANG_WARN_OBJC_IMPLICIT_RETAIN_SELF = YES;
				CLANG_WARN_OBJC_LITERAL_CONVERSION = YES;
				CLANG_WARN_OBJC_ROOT_CLASS = YES_ERROR;
				CLANG_WARN_QUOTED_INCLUDE_IN_FRAMEWORK_HEADER = YES;
				CLANG_WARN_RANGE_LOOP_ANALYSIS = YES;
				CLANG_WARN_STRICT_PROTOTYPES = YES;
				CLANG_WARN_SUSPICIOUS_MOVE = YES;
				CLANG_WARN_UNGUARDED_AVAILABILITY = YES_AGGRESSIVE;
				CLANG_WARN_UNREACHABLE_CODE = YES;
				CLANG_WARN__DUPLICATE_METHOD_MATCH = YES;
				COPY_PHASE_STRIP = NO;
				DEBUG_INFORMATION_FORMAT = "dwarf-with-dsym";
				ENABLE_NS_ASSERTIONS = NO;
				ENABLE_STRICT_OBJC_MSGSEND = YES;
				GCC_C_LANGUAGE_STANDARD = gnu11;
				GCC_NO_COMMON_BLOCKS = YES;
				GCC_WARN_64_TO_32_BIT_CONVERSION = YES;
				GCC_WARN_ABOUT_RETURN_TYPE = YES_ERROR;
				GCC_WARN_UNDECLARED_SELECTOR = YES;
				GCC_WARN_UNINITIALIZED_AUTOS = YES_AGGRESSIVE;
				GCC_WARN_UNUSED_FUNCTION = YES;
				GCC_WARN_UNUSED_VARIABLE = YES;
				IPHONEOS_DEPLOYMENT_TARGET = "{{ios_deployment_target}}";
				MTL_ENABLE_DEBUG_INFO = NO;
				MTL_FAST_MATH = YES;
				PRODUCT_NAME = "$(TARGET_NAME)";
				SDKROOT = iphoneos;
				SWIFT_COMPILATION_MODE = wholemodule;
				SWIFT_OPTIMIZATION_LEVEL = "-O";
				SWIFT_VERSION = 5.9;
			};
			name = Release;
		};
/* End XCBuildConfiguration section */

/* Begin XCConfigurationList section */
		04EE2E1E635D92BC638F96E0 /* Build configuration list for PBXProject "{{ios_scheme}}" */ = {
			isa = XCConfigurationList;
			buildConfigurations = (
				3280429393A41FA3FBA1F5D6 /* Debug */,
				C24C7A9544E293DB9D604F47 /* Release */,
			);
			defaultConfigurationIsVisible = 0;
			defaultConfigurationName = Debug;
		};
		39A71CFC79D014E76D4445EB /* Build configuration list for PBXNativeTarget "{{ios_scheme}}" */ = {
			isa = XCConfigurationList;
			buildConfigurations = (
				72DC351F8133C2EE79D7230F /* Debug */,
				91C02734642ACB1BD6BF3AE6 /* Release */,
			);
			defaultConfigurationIsVisible = 0;
			defaultConfigurationName = Debug;
		};
/* End XCConfigurationList section */

/* Begin XCLocalSwiftPackageReference section */
		B25ED1A6F9E42E26D051E805 /* XCLocalSwiftPackageReference "WhiskerRuntime" */ = {
			isa = XCLocalSwiftPackageReference;
			relativePath = "{{whisker_runtime_ios_path}}";
		};
/* End XCLocalSwiftPackageReference section */

/* Begin XCSwiftPackageProductDependency section */
		F920EEBD91D9E8039DA5A3F9 /* WhiskerRuntime */ = {
			isa = XCSwiftPackageProductDependency;
			productName = WhiskerRuntime;
		};
/* End XCSwiftPackageProductDependency section */
	};
	rootObject = 993C38E6B55CB9C6F082FDCA /* Project object */;
}
