// !$*UTF8*$!
{
	archiveVersion = 1;
	classes = {
	};
	objectVersion = 56;
	objects = {

/* Begin PBXBuildFile section */
		46E97003F6597438A0AC93C0 /* AppDelegate.swift in Sources */ = {isa = PBXBuildFile; fileRef = 4BEF20C6F91CCD1A10D66BCE /* AppDelegate.swift */; };
		46E97003F6597438A0AC93C1 /* WhiskerView.swift in Sources */ = {isa = PBXBuildFile; fileRef = 4BEF20C6F91CCD1A10D66BCF /* WhiskerView.swift */; };
		46E97003F6597438A0AC93C2 /* WhiskerDriver.framework in Frameworks */ = {isa = PBXBuildFile; fileRef = 4BEF20C6F91CCD1A10D66BD0 /* WhiskerDriver.framework */; };
		46E97003F6597438A0AC93C3 /* WhiskerDriver.framework in Embed Frameworks */ = {isa = PBXBuildFile; fileRef = 4BEF20C6F91CCD1A10D66BD0 /* WhiskerDriver.framework */; settings = {ATTRIBUTES = (CodeSignOnCopy, RemoveHeadersOnCopy, ); }; };
		46E97003F6597438A0AC93C4 /* WhiskerModules in Frameworks */ = {isa = PBXBuildFile; productRef = 4BEF20C6F91CCD1A10D66BD2 /* WhiskerModules */; };
{{extra_pbxproj_build_file_entries}}
/* End PBXBuildFile section */

/* Begin PBXFileReference section */
		35D466DB8920E7A52C599EBC /* {{ios_scheme}}.app */ = {isa = PBXFileReference; explicitFileType = wrapper.application; includeInIndex = 0; path = "{{ios_scheme}}.app"; sourceTree = BUILT_PRODUCTS_DIR; };
		4BEF20C6F91CCD1A10D66BCE /* AppDelegate.swift */ = {isa = PBXFileReference; lastKnownFileType = sourcecode.swift; path = AppDelegate.swift; sourceTree = "<group>"; };
		4BEF20C6F91CCD1A10D66BCF /* WhiskerView.swift */ = {isa = PBXFileReference; lastKnownFileType = sourcecode.swift; path = WhiskerView.swift; sourceTree = "<group>"; };
		4BEF20C6F91CCD1A10D66BD0 /* WhiskerDriver.framework */ = {isa = PBXFileReference; lastKnownFileType = wrapper.framework; path = Frameworks/WhiskerDriver.framework; sourceTree = BUILT_PRODUCTS_DIR; };
{{extra_pbxproj_file_reference_entries}}
/* End PBXFileReference section */

/* Begin PBXFrameworksBuildPhase section */
		D4C57884A372C8EC69F16CAD /* Frameworks */ = {
			isa = PBXFrameworksBuildPhase;
			buildActionMask = 2147483647;
			files = (
				46E97003F6597438A0AC93C2 /* WhiskerDriver.framework in Frameworks */,
				46E97003F6597438A0AC93C4 /* WhiskerModules in Frameworks */,
{{extra_pbxproj_frameworks_phase_files}}
			);
			runOnlyForDeploymentPostprocessing = 0;
		};
/* End PBXFrameworksBuildPhase section */

/* Begin PBXCopyFilesBuildPhase section */
		D4C57884A372C8EC69F16CAE /* Embed Frameworks */ = {
			isa = PBXCopyFilesBuildPhase;
			buildActionMask = 2147483647;
			dstPath = "";
			dstSubfolderSpec = 10;
			files = (
				46E97003F6597438A0AC93C3 /* WhiskerDriver.framework in Embed Frameworks */,
			);
			name = "Embed Frameworks";
			runOnlyForDeploymentPostprocessing = 0;
		};
/* End PBXCopyFilesBuildPhase section */

/* Begin PBXGroup section */
		00961668E9C919BF4554CF95 /* Products */ = {
			isa = PBXGroup;
			children = (
				35D466DB8920E7A52C599EBC /* {{ios_scheme}}.app */,
			);
			name = Products;
			sourceTree = "<group>";
		};
		2AFB6256646F5C748E027F5E /* Sources */ = {
			isa = PBXGroup;
			children = (
				4BEF20C6F91CCD1A10D66BCE /* AppDelegate.swift */,
				4BEF20C6F91CCD1A10D66BCF /* WhiskerView.swift */,
			);
			path = Sources;
			sourceTree = "<group>";
		};
		E8630311BAB2B628B85BC5D2 = {
			isa = PBXGroup;
			children = (
				2AFB6256646F5C748E027F5E /* Sources */,
				F1F2F3F4F5F6F7F8F9FAFBFC /* Whisker Plugin Files */,
				00961668E9C919BF4554CF95 /* Products */,
			);
			sourceTree = "<group>";
		};
		F1F2F3F4F5F6F7F8F9FAFBFC /* Whisker Plugin Files */ = {
			isa = PBXGroup;
			children = (
{{extra_pbxproj_plugin_files_group_children}}
			);
			name = "Whisker Plugin Files";
			sourceTree = "<group>";
		};
/* End PBXGroup section */

/* Begin PBXNativeTarget section */
		479BCD1507C869E5783E1EC4 /* {{ios_scheme}} */ = {
			isa = PBXNativeTarget;
			buildConfigurationList = 39A71CFC79D014E76D4445EB /* Build configuration list for PBXNativeTarget "{{ios_scheme}}" */;
			buildPhases = (
				4A590CB0D847DB4C38DDCDFC /* Sources */,
				A1A2A3A4A5A6A7A8A9AAAB00 /* Resources */,
				D4C57884A372C8EC69F16CAD /* Frameworks */,
				D4C57884A372C8EC69F16CAE /* Embed Frameworks */,
			);
			buildRules = (
			);
			dependencies = (
			);
			name = "{{ios_scheme}}";
			packageProductDependencies = (
				4BEF20C6F91CCD1A10D66BD2 /* WhiskerModules */,
			);
			productName = "{{ios_scheme}}";
			productReference = 35D466DB8920E7A52C599EBC /* {{ios_scheme}}.app */;
			productType = "com.apple.product-type.application";
		};
/* End PBXNativeTarget section */

/* Begin PBXProject section */
		993C38E6B55CB9C6F082FDCA /* Project object */ = {
			isa = PBXProject;
			attributes = {
				BuildIndependentTargetsInParallel = YES;
				LastUpgradeCheck = 1600;
				TargetAttributes = {
				};
			};
			buildConfigurationList = 04EE2E1E635D92BC638F96E0 /* Build configuration list for PBXProject "{{ios_scheme}}" */;
			compatibilityVersion = "Xcode 14.0";
			developmentRegion = en;
			hasScannedForEncodings = 0;
			knownRegions = (
				en,
				Base,
			);
			mainGroup = E8630311BAB2B628B85BC5D2;
			productRefGroup = 00961668E9C919BF4554CF95 /* Products */;
			packageReferences = (
				4BEF20C6F91CCD1A10D66BD1 /* XCLocalSwiftPackageReference "whisker_modules" */,
			);
			projectDirPath = "";
			projectRoot = "";
			targets = (
				479BCD1507C869E5783E1EC4 /* {{ios_scheme}} */,
			);
		};
/* End PBXProject section */

/* Begin PBXResourcesBuildPhase section */
		A1A2A3A4A5A6A7A8A9AAAB00 /* Resources */ = {
			isa = PBXResourcesBuildPhase;
			buildActionMask = 2147483647;
			files = (
{{extra_pbxproj_resources_phase_files}}
			);
			runOnlyForDeploymentPostprocessing = 0;
		};
/* End PBXResourcesBuildPhase section */

/* Begin PBXSourcesBuildPhase section */
		4A590CB0D847DB4C38DDCDFC /* Sources */ = {
			isa = PBXSourcesBuildPhase;
			buildActionMask = 2147483647;
			files = (
				46E97003F6597438A0AC93C0 /* AppDelegate.swift in Sources */,
				46E97003F6597438A0AC93C1 /* WhiskerView.swift in Sources */,
{{extra_pbxproj_sources_phase_files}}
			);
			runOnlyForDeploymentPostprocessing = 0;
		};
/* End PBXSourcesBuildPhase section */

/* Begin XCBuildConfiguration section */
		3280429393A41FA3FBA1F5D6 /* Debug */ = {
			isa = XCBuildConfiguration;
			buildSettings = {
				ALWAYS_SEARCH_USER_PATHS = NO;
				CLANG_ENABLE_MODULES = YES;
				CLANG_ENABLE_OBJC_ARC = YES;
				COPY_PHASE_STRIP = NO;
				DEBUG_INFORMATION_FORMAT = dwarf;
				ENABLE_TESTABILITY = YES;
				GCC_C_LANGUAGE_STANDARD = gnu11;
				GCC_OPTIMIZATION_LEVEL = 0;
				GCC_PREPROCESSOR_DEFINITIONS = (
					"DEBUG=1",
					"$(inherited)",
				);
				IPHONEOS_DEPLOYMENT_TARGET = "{{ios_deployment_target}}";
				ONLY_ACTIVE_ARCH = YES;
				SDKROOT = iphoneos;
				SWIFT_ACTIVE_COMPILATION_CONDITIONS = DEBUG;
				SWIFT_OPTIMIZATION_LEVEL = "-Onone";
				SWIFT_VERSION = 5.9;
			};
			name = Debug;
		};
		72DC351F8133C2EE79D7230F /* Debug */ = {
			isa = XCBuildConfiguration;
			buildSettings = {
				ASSETCATALOG_COMPILER_APPICON_NAME = AppIcon;
				CODE_SIGN_IDENTITY = "iPhone Developer";
				INFOPLIST_FILE = Info.plist;
				FRAMEWORK_SEARCH_PATHS = "$(BUILT_PRODUCTS_DIR)/Frameworks";
				LD_RUNPATH_SEARCH_PATHS = "$(inherited) @executable_path/Frameworks";
				OTHER_LDFLAGS = "$(inherited) -framework WhiskerDriver";
				PRODUCT_BUNDLE_IDENTIFIER = "{{ios_bundle_id}}";
				PRODUCT_NAME = "$(TARGET_NAME)";
				SDKROOT = iphoneos;
				TARGETED_DEVICE_FAMILY = "1,2";
{{extra_pbxproj_target_build_settings}}
			};
			name = Debug;
		};
		91C02734642ACB1BD6BF3AE6 /* Release */ = {
			isa = XCBuildConfiguration;
			buildSettings = {
				ASSETCATALOG_COMPILER_APPICON_NAME = AppIcon;
				CODE_SIGN_IDENTITY = "iPhone Developer";
				INFOPLIST_FILE = Info.plist;
				FRAMEWORK_SEARCH_PATHS = "$(BUILT_PRODUCTS_DIR)/Frameworks";
				LD_RUNPATH_SEARCH_PATHS = "$(inherited) @executable_path/Frameworks";
				OTHER_LDFLAGS = "$(inherited) -framework WhiskerDriver";
				PRODUCT_BUNDLE_IDENTIFIER = "{{ios_bundle_id}}";
				PRODUCT_NAME = "$(TARGET_NAME)";
				SDKROOT = iphoneos;
				TARGETED_DEVICE_FAMILY = "1,2";
{{extra_pbxproj_target_build_settings}}
			};
			name = Release;
		};
		C24C7A9544E293DB9D604F47 /* Release */ = {
			isa = XCBuildConfiguration;
			buildSettings = {
				ALWAYS_SEARCH_USER_PATHS = NO;
				CLANG_ENABLE_MODULES = YES;
				CLANG_ENABLE_OBJC_ARC = YES;
				COPY_PHASE_STRIP = NO;
				DEBUG_INFORMATION_FORMAT = "dwarf-with-dsym";
				ENABLE_NS_ASSERTIONS = NO;
				GCC_C_LANGUAGE_STANDARD = gnu11;
				IPHONEOS_DEPLOYMENT_TARGET = "{{ios_deployment_target}}";
				SDKROOT = iphoneos;
				SWIFT_COMPILATION_MODE = wholemodule;
				SWIFT_OPTIMIZATION_LEVEL = "-O";
				SWIFT_VERSION = 5.9;
			};
			name = Release;
		};
/* End XCBuildConfiguration section */

/* Begin XCConfigurationList section */
		04EE2E1E635D92BC638F96E0 /* Build configuration list for PBXProject "{{ios_scheme}}" */ = {
			isa = XCConfigurationList;
			buildConfigurations = (
				3280429393A41FA3FBA1F5D6 /* Debug */,
				C24C7A9544E293DB9D604F47 /* Release */,
			);
			defaultConfigurationIsVisible = 0;
			defaultConfigurationName = Debug;
		};
		39A71CFC79D014E76D4445EB /* Build configuration list for PBXNativeTarget "{{ios_scheme}}" */ = {
			isa = XCConfigurationList;
			buildConfigurations = (
				72DC351F8133C2EE79D7230F /* Debug */,
				91C02734642ACB1BD6BF3AE6 /* Release */,
			);
			defaultConfigurationIsVisible = 0;
			defaultConfigurationName = Debug;
		};
/* End XCConfigurationList section */

/* Begin XCLocalSwiftPackageReference section */
		4BEF20C6F91CCD1A10D66BD1 /* XCLocalSwiftPackageReference "whisker_modules" */ = {
			isa = XCLocalSwiftPackageReference;
			relativePath = "{{whisker_modules_ios_path}}";
		};
/* End XCLocalSwiftPackageReference section */

/* Begin XCSwiftPackageProductDependency section */
		4BEF20C6F91CCD1A10D66BD2 /* WhiskerModules */ = {
			isa = XCSwiftPackageProductDependency;
			package = 4BEF20C6F91CCD1A10D66BD1 /* XCLocalSwiftPackageReference "whisker_modules" */;
			productName = WhiskerModules;
		};
/* End XCSwiftPackageProductDependency section */
	};
	rootObject = 993C38E6B55CB9C6F082FDCA /* Project object */;
}
