# This file is automatically @generated by Cargo.
# It is not intended for manual editing.
version = 4

[[package]]
name = "cng-module-fixture"
version = "0.0.0"
dependencies = [
 "cng-test-service",
 "cng-test-widget",
]

[[package]]
name = "cng-test-service"
version = "0.0.0"

[[package]]
name = "cng-test-service-web"
version = "0.0.0"

[[package]]
name = "cng-test-widget"
version = "0.0.0"

[[package]]
name = "cng-test-widget-desktop"
version = "0.0.0"

[[package]]
name = "cng-test-widget-web"
version = "0.0.0"
